
Microsoft Visual Studio Solution File, Format Version 12.00
# Visual Studio Version 17
VisualStudioVersion = 17.3.32922.545
MinimumVisualStudioVersion = 10.0.40219.1
Project("{FAE04EC0-301F-11D3-BF4B-00C04F79EFBC}") = "Electronics Store", "Electronics Store.csproj", "{93416C6E-096F-48BB-A910-912519034B60}"
EndProject
Global
	GlobalSection(SolutionConfigurationPlatforms) = preSolution
		Debug|Any CPU = Debug|Any CPU
		Release|Any CPU = Release|Any CPU
	EndGlobalSection
	GlobalSection(ProjectConfigurationPlatforms) = postSolution
		{93416C6E-096F-48BB-A910-912519034B60}.Debug|Any CPU.ActiveCfg = Debug|Any CPU
		{93416C6E-096F-48BB-A910-912519034B60}.Debug|Any CPU.Build.0 = Debug|Any CPU
		{93416C6E-096F-48BB-A910-912519034B60}.Release|Any CPU.ActiveCfg = Release|Any CPU
		{93416C6E-096F-48BB-A910-912519034B60}.Release|Any CPU.Build.0 = Release|Any CPU
	EndGlobalSection
	GlobalSection(SolutionProperties) = preSolution
		HideSolutionNode = FALSE
	EndGlobalSection
	GlobalSection(ExtensibilityGlobals) = postSolution
		SolutionGuid = {A3208B40-E514-4EC7-AE91-AA1C37188238}
	EndGlobalSection
EndGlobal
